{
  "name": "atom-linter-phpstan",
  "version": "2.2.0",
  "lockfileVersion": 2,
  "requires": true,
  "packages": {
    "": {
      "version": "2.1.0",
      "license": "MIT",
      "dependencies": {
        "atom-linter": "^10.0.0",
        "atom-package-deps": "^7.2.3"
      },
      "engines": {
        "atom": ">=1.4.0 <2.0.0"
      }
    },
    "node_modules/atom-linter": {
      "version": "10.0.0",
      "resolved": "https://registry.npmjs.org/atom-linter/-/atom-linter-10.0.0.tgz",
      "integrity": "sha1-0nu3Tl+PCKdKQL6ynuGlDZdUPIk=",
      "dependencies": {
        "named-js-regexp": "^1.3.1",
        "sb-exec": "^4.0.0",
        "sb-promisify": "^2.0.1",
        "tmp": "~0.0.28"
      }
    },
    "node_modules/atom-package-deps": {
      "version": "7.2.3",
      "resolved": "https://registry.npmjs.org/atom-package-deps/-/atom-package-deps-7.2.3.tgz",
      "integrity": "sha512-Z1FHJS2c2xBN3wQVniG7jXDyE4mUjZlHA0tfIkCND9U/fHaZyBJPno4/jD8PtYUnhlymaHRbCsgxCU3QuKjqfQ==",
      "bin": {
        "atom-package-deps": "lib/bin.js"
      }
    },
    "node_modules/consistent-env": {
      "version": "1.3.1",
      "resolved": "https://registry.npmjs.org/consistent-env/-/consistent-env-1.3.1.tgz",
      "integrity": "sha1-9oI018afxt2WVviuI0Kc4EmbZfs=",
      "dependencies": {
        "lodash.uniq": "^4.5.0"
      }
    },
    "node_modules/lodash.uniq": {
      "version": "4.5.0",
      "resolved": "https://registry.npmjs.org/lodash.uniq/-/lodash.uniq-4.5.0.tgz",
      "integrity": "sha1-0CJTc662Uq3BvILklFM5qEJ1R3M="
    },
    "node_modules/named-js-regexp": {
      "version": "1.3.5",
      "resolved": "https://registry.npmjs.org/named-js-regexp/-/named-js-regexp-1.3.5.tgz",
      "integrity": "sha512-XO0DPujDP9IWpkt690iWLreKztb/VB811DGl5N3z7BfhkMJuiVZXOi6YN/fEB9qkvtMVTgSZDW8pzdVt8vj/FA=="
    },
    "node_modules/os-tmpdir": {
      "version": "1.0.2",
      "resolved": "https://registry.npmjs.org/os-tmpdir/-/os-tmpdir-1.0.2.tgz",
      "integrity": "sha1-u+Z0BseaqFxc/sdm/lc0VV36EnQ=",
      "engines": {
        "node": ">=0.10.0"
      }
    },
    "node_modules/sb-exec": {
      "version": "4.0.0",
      "resolved": "https://registry.npmjs.org/sb-exec/-/sb-exec-4.0.0.tgz",
      "integrity": "sha1-RnR/DfFiYmwW6/D+pCJFrRqoWco=",
      "dependencies": {
        "consistent-env": "^1.2.0",
        "lodash.uniq": "^4.5.0",
        "sb-npm-path": "^2.0.0"
      },
      "engines": {
        "node": ">=4"
      }
    },
    "node_modules/sb-memoize": {
      "version": "1.0.2",
      "resolved": "https://registry.npmjs.org/sb-memoize/-/sb-memoize-1.0.2.tgz",
      "integrity": "sha1-EoN1xi3bnMT/qQXQxaWXwZuurY4=",
      "deprecated": "No longer maintained - Use lodash probably"
    },
    "node_modules/sb-npm-path": {
      "version": "2.0.0",
      "resolved": "https://registry.npmjs.org/sb-npm-path/-/sb-npm-path-2.0.0.tgz",
      "integrity": "sha1-D2zCzzcd68p9k27Xa31MPMHrPVg=",
      "dependencies": {
        "sb-memoize": "^1.0.2",
        "sb-promisify": "^2.0.1"
      }
    },
    "node_modules/sb-promisify": {
      "version": "2.0.2",
      "resolved": "https://registry.npmjs.org/sb-promisify/-/sb-promisify-2.0.2.tgz",
      "integrity": "sha1-QnelR1RIiqlnXYhuNU24lMm9yYE="
    },
    "node_modules/tmp": {
      "version": "0.0.33",
      "resolved": "https://registry.npmjs.org/tmp/-/tmp-0.0.33.tgz",
      "integrity": "sha512-jRCJlojKnZ3addtTOjdIqoRuPEKBvNXcGYqzO6zWZX8KfKEpnGY5jfggJQ3EjKuu8D4bJRr0y+cYJFmYbImXGw==",
      "dependencies": {
        "os-tmpdir": "~1.0.2"
      },
      "engines": {
        "node": ">=0.6.0"
      }
    }
  },
  "dependencies": {
    "atom-linter": {
      "version": "10.0.0",
      "resolved": "https://registry.npmjs.org/atom-linter/-/atom-linter-10.0.0.tgz",
      "integrity": "sha1-0nu3Tl+PCKdKQL6ynuGlDZdUPIk=",
      "requires": {
        "named-js-regexp": "^1.3.1",
        "sb-exec": "^4.0.0",
        "sb-promisify": "^2.0.1",
        "tmp": "~0.0.28"
      }
    },
    "atom-package-deps": {
      "version": "7.2.3",
      "resolved": "https://registry.npmjs.org/atom-package-deps/-/atom-package-deps-7.2.3.tgz",
      "integrity": "sha512-Z1FHJS2c2xBN3wQVniG7jXDyE4mUjZlHA0tfIkCND9U/fHaZyBJPno4/jD8PtYUnhlymaHRbCsgxCU3QuKjqfQ=="
    },
    "consistent-env": {
      "version": "1.3.1",
      "resolved": "https://registry.npmjs.org/consistent-env/-/consistent-env-1.3.1.tgz",
      "integrity": "sha1-9oI018afxt2WVviuI0Kc4EmbZfs=",
      "requires": {
        "lodash.uniq": "^4.5.0"
      }
    },
    "lodash.uniq": {
      "version": "4.5.0",
      "resolved": "https://registry.npmjs.org/lodash.uniq/-/lodash.uniq-4.5.0.tgz",
      "integrity": "sha1-0CJTc662Uq3BvILklFM5qEJ1R3M="
    },
    "named-js-regexp": {
      "version": "1.3.5",
      "resolved": "https://registry.npmjs.org/named-js-regexp/-/named-js-regexp-1.3.5.tgz",
      "integrity": "sha512-XO0DPujDP9IWpkt690iWLreKztb/VB811DGl5N3z7BfhkMJuiVZXOi6YN/fEB9qkvtMVTgSZDW8pzdVt8vj/FA=="
    },
    "os-tmpdir": {
      "version": "1.0.2",
      "resolved": "https://registry.npmjs.org/os-tmpdir/-/os-tmpdir-1.0.2.tgz",
      "integrity": "sha1-u+Z0BseaqFxc/sdm/lc0VV36EnQ="
    },
    "sb-exec": {
      "version": "4.0.0",
      "resolved": "https://registry.npmjs.org/sb-exec/-/sb-exec-4.0.0.tgz",
      "integrity": "sha1-RnR/DfFiYmwW6/D+pCJFrRqoWco=",
      "requires": {
        "consistent-env": "^1.2.0",
        "lodash.uniq": "^4.5.0",
        "sb-npm-path": "^2.0.0"
      }
    },
    "sb-memoize": {
      "version": "1.0.2",
      "resolved": "https://registry.npmjs.org/sb-memoize/-/sb-memoize-1.0.2.tgz",
      "integrity": "sha1-EoN1xi3bnMT/qQXQxaWXwZuurY4="
    },
    "sb-npm-path": {
      "version": "2.0.0",
      "resolved": "https://registry.npmjs.org/sb-npm-path/-/sb-npm-path-2.0.0.tgz",
      "integrity": "sha1-D2zCzzcd68p9k27Xa31MPMHrPVg=",
      "requires": {
        "sb-memoize": "^1.0.2",
        "sb-promisify": "^2.0.1"
      }
    },
    "sb-promisify": {
      "version": "2.0.2",
      "resolved": "https://registry.npmjs.org/sb-promisify/-/sb-promisify-2.0.2.tgz",
      "integrity": "sha1-QnelR1RIiqlnXYhuNU24lMm9yYE="
    },
    "tmp": {
      "version": "0.0.33",
      "resolved": "https://registry.npmjs.org/tmp/-/tmp-0.0.33.tgz",
      "integrity": "sha512-jRCJlojKnZ3addtTOjdIqoRuPEKBvNXcGYqzO6zWZX8KfKEpnGY5jfggJQ3EjKuu8D4bJRr0y+cYJFmYbImXGw==",
      "requires": {
        "os-tmpdir": "~1.0.2"
      }
    }
  }
}
